
Microsoft Visual Studio Solution File, Format Version 12.00
# Visual Studio 15
VisualStudioVersion = 15.0.28307.645
MinimumVisualStudioVersion = 10.0.40219.1
Project("{8BC9CEB8-8B4A-11D0-8D11-00A0C91BC942}") = "Server", "Server\Server.vcxproj", "{DD1B022E-02D4-4242-9D0D-C3E88104D711}"
EndProject
Global
	GlobalSection(SolutionConfigurationPlatforms) = preSolution
		Debug|x64 = Debug|x64
		Debug|x86 = Debug|x86
		Release|x64 = Release|x64
		Release|x86 = Release|x86
	EndGlobalSection
	GlobalSection(ProjectConfigurationPlatforms) = postSolution
		{DD1B022E-02D4-4242-9D0D-C3E88104D711}.Debug|x64.ActiveCfg = Debug|x64
		{DD1B022E-02D4-4242-9D0D-C3E88104D711}.Debug|x64.Build.0 = Debug|x64
		{DD1B022E-02D4-4242-9D0D-C3E88104D711}.Debug|x86.ActiveCfg = Debug|Win32
		{DD1B022E-02D4-4242-9D0D-C3E88104D711}.Debug|x86.Build.0 = Debug|Win32
		{DD1B022E-02D4-4242-9D0D-C3E88104D711}.Release|x64.ActiveCfg = Release|x64
		{DD1B022E-02D4-4242-9D0D-C3E88104D711}.Release|x64.Build.0 = Release|x64
		{DD1B022E-02D4-4242-9D0D-C3E88104D711}.Release|x86.ActiveCfg = Release|Win32
		{DD1B022E-02D4-4242-9D0D-C3E88104D711}.Release|x86.Build.0 = Release|Win32
	EndGlobalSection
	GlobalSection(SolutionProperties) = preSolution
		HideSolutionNode = FALSE
	EndGlobalSection
	GlobalSection(ExtensibilityGlobals) = postSolution
		SolutionGuid = {867E0BBD-7E84-43D8-939D-CCED1B3E8CFC}
	EndGlobalSection
EndGlobal
